
Microsoft Visual Studio Solution File, Format Version 12.00
# Visual Studio 15
Project("{FAE04EC0-301F-11D3-BF4B-00C04F79EFBC}") = "Assembly-CSharp", "Assembly-CSharp.csproj", "{8C5E6BF7-67F0-52E1-C2CF-1D3131B88C0F}"
EndProject
Project("{FAE04EC0-301F-11D3-BF4B-00C04F79EFBC}") = "Assembly-CSharp-Editor", "Assembly-CSharp-Editor.csproj", "{0EDC2588-D3EB-C6ED-4CD3-93731111B782}"
EndProject
Global
	GlobalSection(SolutionConfigurationPlatforms) = preSolution
		Debug|Any CPU = Debug|Any CPU
		Release|Any CPU = Release|Any CPU
	EndGlobalSection
	GlobalSection(ProjectConfigurationPlatforms) = postSolution
		{8C5E6BF7-67F0-52E1-C2CF-1D3131B88C0F}.Debug|Any CPU.ActiveCfg = Debug|Any CPU
		{8C5E6BF7-67F0-52E1-C2CF-1D3131B88C0F}.Debug|Any CPU.Build.0 = Debug|Any CPU
		{8C5E6BF7-67F0-52E1-C2CF-1D3131B88C0F}.Release|Any CPU.ActiveCfg = Release|Any CPU
		{8C5E6BF7-67F0-52E1-C2CF-1D3131B88C0F}.Release|Any CPU.Build.0 = Release|Any CPU
		{0EDC2588-D3EB-C6ED-4CD3-93731111B782}.Debug|Any CPU.ActiveCfg = Debug|Any CPU
		{0EDC2588-D3EB-C6ED-4CD3-93731111B782}.Debug|Any CPU.Build.0 = Debug|Any CPU
		{0EDC2588-D3EB-C6ED-4CD3-93731111B782}.Release|Any CPU.ActiveCfg = Release|Any CPU
		{0EDC2588-D3EB-C6ED-4CD3-93731111B782}.Release|Any CPU.Build.0 = Release|Any CPU
	EndGlobalSection
	GlobalSection(SolutionProperties) = preSolution
		HideSolutionNode = FALSE
	EndGlobalSection
EndGlobal
